// !$*UTF8*$!
{
	archiveVersion = 1;
	classes = {
	};
	objectVersion = 60;
	objects = {

/* Begin PBXBuildFile section */
		209C012301522536AF76F04C /* Pods_Instagram_Clone.framework in Frameworks */ = {isa = PBXBuildFile; fileRef = 4005C1E8803FA09DD7F73709 /* Pods_Instagram_Clone.framework */; };
		2E4A4F642B4A46DB006EEC5C /* DatabaseManager.swift in Sources */ = {isa = PBXBuildFile; fileRef = 2E4A4F632B4A46DA006EEC5C /* DatabaseManager.swift */; };
		2E4A4F662B4A47CA006EEC5C /* AuthManager.swift in Sources */ = {isa = PBXBuildFile; fileRef = 2E4A4F652B4A47CA006EEC5C /* AuthManager.swift */; };
		2E4A4F682B4A4837006EEC5C /* StoreManager.swift in Sources */ = {isa = PBXBuildFile; fileRef = 2E4A4F672B4A4837006EEC5C /* StoreManager.swift */; };
		2E4A4F6A2B4A511F006EEC5C /* Extentions.swift in Sources */ = {isa = PBXBuildFile; fileRef = 2E4A4F692B4A511F006EEC5C /* Extentions.swift */; };
		2E8E76792B3B0DC700956F99 /* AppDelegate.swift in Sources */ = {isa = PBXBuildFile; fileRef = 2E8E76782B3B0DC700956F99 /* AppDelegate.swift */; };
		2E8E767B2B3B0DC700956F99 /* SceneDelegate.swift in Sources */ = {isa = PBXBuildFile; fileRef = 2E8E767A2B3B0DC700956F99 /* SceneDelegate.swift */; };
		2E8E767D2B3B0DC700956F99 /* HomeViewController.swift in Sources */ = {isa = PBXBuildFile; fileRef = 2E8E767C2B3B0DC700956F99 /* HomeViewController.swift */; };
		2E8E76802B3B0DC700956F99 /* Main.storyboard in Resources */ = {isa = PBXBuildFile; fileRef = 2E8E767E2B3B0DC700956F99 /* Main.storyboard */; };
		2E8E76822B3B0DC900956F99 /* Assets.xcassets in Resources */ = {isa = PBXBuildFile; fileRef = 2E8E76812B3B0DC900956F99 /* Assets.xcassets */; };
		2E8E76852B3B0DC900956F99 /* LaunchScreen.storyboard in Resources */ = {isa = PBXBuildFile; fileRef = 2E8E76832B3B0DC900956F99 /* LaunchScreen.storyboard */; };
		2E8E76932B3B109500956F99 /* ExploreViewController.swift in Sources */ = {isa = PBXBuildFile; fileRef = 2E8E76922B3B109500956F99 /* ExploreViewController.swift */; };
		2E8E76952B3B114700956F99 /* CameraViewController.swift in Sources */ = {isa = PBXBuildFile; fileRef = 2E8E76942B3B114700956F99 /* CameraViewController.swift */; };
		2E8E76972B3B115D00956F99 /* NotificationViewController.swift in Sources */ = {isa = PBXBuildFile; fileRef = 2E8E76962B3B115D00956F99 /* NotificationViewController.swift */; };
		2E8E76992B3B116400956F99 /* ProfileViewController.swift in Sources */ = {isa = PBXBuildFile; fileRef = 2E8E76982B3B116400956F99 /* ProfileViewController.swift */; };
		2E8E769D2B3B12A200956F99 /* LoginViewController.swift in Sources */ = {isa = PBXBuildFile; fileRef = 2E8E769C2B3B12A200956F99 /* LoginViewController.swift */; };
		2E8E769F2B3B12D400956F99 /* RegistrationViewController.swift in Sources */ = {isa = PBXBuildFile; fileRef = 2E8E769E2B3B12D400956F99 /* RegistrationViewController.swift */; };
		2E8E76A22B3B12F400956F99 /* PostViewController.swift in Sources */ = {isa = PBXBuildFile; fileRef = 2E8E76A12B3B12F400956F99 /* PostViewController.swift */; };
		2E8E76A42B3B131C00956F99 /* EditProfileViewController.swift in Sources */ = {isa = PBXBuildFile; fileRef = 2E8E76A32B3B131C00956F99 /* EditProfileViewController.swift */; };
		2E8E76A62B3B133000956F99 /* SettingsViewController.swift in Sources */ = {isa = PBXBuildFile; fileRef = 2E8E76A52B3B133000956F99 /* SettingsViewController.swift */; };
		2E8E76A82B3B133D00956F99 /* ListViewController.swift in Sources */ = {isa = PBXBuildFile; fileRef = 2E8E76A72B3B133D00956F99 /* ListViewController.swift */; };
		2E8E76AA2B3B135100956F99 /* SearchViewController.swift in Sources */ = {isa = PBXBuildFile; fileRef = 2E8E76A92B3B135100956F99 /* SearchViewController.swift */; };
		2E8E76AC2B3B135A00956F99 /* SearchResultViewController.swift in Sources */ = {isa = PBXBuildFile; fileRef = 2E8E76AB2B3B135A00956F99 /* SearchResultViewController.swift */; };
		2E8E76AE2B3B138000956F99 /* PostEditorViewController.swift in Sources */ = {isa = PBXBuildFile; fileRef = 2E8E76AD2B3B138000956F99 /* PostEditorViewController.swift */; };
		2E8E76B02B3B138F00956F99 /* PublishPostViewController.swift in Sources */ = {isa = PBXBuildFile; fileRef = 2E8E76AF2B3B138F00956F99 /* PublishPostViewController.swift */; };
		2E8E76B22B3B248200956F99 /* GoogleService-Info.plist in Resources */ = {isa = PBXBuildFile; fileRef = 2E8E76B12B3B248200956F99 /* GoogleService-Info.plist */; };
		2ECCDA1C2B9C086F006201D4 /* Models.swift in Sources */ = {isa = PBXBuildFile; fileRef = 2ECCDA1B2B9C086F006201D4 /* Models.swift */; };
		2ECCDA1E2B9C0981006201D4 /* NoNotificationsView.swift in Sources */ = {isa = PBXBuildFile; fileRef = 2ECCDA1D2B9C0981006201D4 /* NoNotificationsView.swift */; };
		2ECCDA222B9C09D0006201D4 /* IGFeedPostActionsTableViewCell.swift in Sources */ = {isa = PBXBuildFile; fileRef = 2ECCDA212B9C09D0006201D4 /* IGFeedPostActionsTableViewCell.swift */; };
		2ECCDA242B9C0A01006201D4 /* IGFeedPostGeneralTableViewCell.swift in Sources */ = {isa = PBXBuildFile; fileRef = 2ECCDA232B9C0A01006201D4 /* IGFeedPostGeneralTableViewCell.swift */; };
		2ECCDA262B9C0A22006201D4 /* IGFeedPostHeaderTableViewCell.swift in Sources */ = {isa = PBXBuildFile; fileRef = 2ECCDA252B9C0A22006201D4 /* IGFeedPostHeaderTableViewCell.swift */; };
		2ECCDA282B9C0A3C006201D4 /* IGFeedPostTableViewCell.swift in Sources */ = {isa = PBXBuildFile; fileRef = 2ECCDA272B9C0A3C006201D4 /* IGFeedPostTableViewCell.swift */; };
		2ECCDA2B2B9C0A6E006201D4 /* FormTableViewCell.swift in Sources */ = {isa = PBXBuildFile; fileRef = 2ECCDA2A2B9C0A6E006201D4 /* FormTableViewCell.swift */; };
		2ECCDA2D2B9C0A9D006201D4 /* PhotoCollectionViewCell.swift in Sources */ = {isa = PBXBuildFile; fileRef = 2ECCDA2C2B9C0A9D006201D4 /* PhotoCollectionViewCell.swift */; };
		2ECCDA2F2B9C0ACB006201D4 /* UserFollowTableViewCell.swift in Sources */ = {isa = PBXBuildFile; fileRef = 2ECCDA2E2B9C0ACB006201D4 /* UserFollowTableViewCell.swift */; };
		2ECCDA332B9C0B33006201D4 /* FormTableViewCell.swift in Sources */ = {isa = PBXBuildFile; fileRef = 2ECCDA322B9C0B33006201D4 /* FormTableViewCell.swift */; };
		2ECCDA352B9C0B4F006201D4 /* PhotoCollectionViewCell.swift in Sources */ = {isa = PBXBuildFile; fileRef = 2ECCDA342B9C0B4F006201D4 /* PhotoCollectionViewCell.swift */; };
		2ECCDA372B9C0B7A006201D4 /* UserFollowTableViewCell.swift in Sources */ = {isa = PBXBuildFile; fileRef = 2ECCDA362B9C0B7A006201D4 /* UserFollowTableViewCell.swift */; };
		2ECCDA3A2B9C0BBB006201D4 /* ProfileInfoHeaderCollectionReusableView.swift in Sources */ = {isa = PBXBuildFile; fileRef = 2ECCDA392B9C0BBB006201D4 /* ProfileInfoHeaderCollectionReusableView.swift */; };
		2ECCDA3C2B9C0BD8006201D4 /* ProfileTabsCollectionReusableView.swift in Sources */ = {isa = PBXBuildFile; fileRef = 2ECCDA3B2B9C0BD8006201D4 /* ProfileTabsCollectionReusableView.swift */; };
/* End PBXBuildFile section */

/* Begin PBXFileReference section */
		2E4A4F632B4A46DA006EEC5C /* DatabaseManager.swift */ = {isa = PBXFileReference; lastKnownFileType = sourcecode.swift; path = DatabaseManager.swift; sourceTree = "<group>"; };
		2E4A4F652B4A47CA006EEC5C /* AuthManager.swift */ = {isa = PBXFileReference; lastKnownFileType = sourcecode.swift; path = AuthManager.swift; sourceTree = "<group>"; };
		2E4A4F672B4A4837006EEC5C /* StoreManager.swift */ = {isa = PBXFileReference; lastKnownFileType = sourcecode.swift; path = StoreManager.swift; sourceTree = "<group>"; };
		2E4A4F692B4A511F006EEC5C /* Extentions.swift */ = {isa = PBXFileReference; lastKnownFileType = sourcecode.swift; path = Extentions.swift; sourceTree = "<group>"; };
		2E8E76752B3B0DC700956F99 /* Instagram_Clone.app */ = {isa = PBXFileReference; explicitFileType = wrapper.application; includeInIndex = 0; path = Instagram_Clone.app; sourceTree = BUILT_PRODUCTS_DIR; };
		2E8E76782B3B0DC700956F99 /* AppDelegate.swift */ = {isa = PBXFileReference; lastKnownFileType = sourcecode.swift; path = AppDelegate.swift; sourceTree = "<group>"; };
		2E8E767A2B3B0DC700956F99 /* SceneDelegate.swift */ = {isa = PBXFileReference; lastKnownFileType = sourcecode.swift; path = SceneDelegate.swift; sourceTree = "<group>"; };
		2E8E767C2B3B0DC700956F99 /* HomeViewController.swift */ = {isa = PBXFileReference; lastKnownFileType = sourcecode.swift; path = HomeViewController.swift; sourceTree = "<group>"; };
		2E8E767F2B3B0DC700956F99 /* Base */ = {isa = PBXFileReference; lastKnownFileType = file.storyboard; name = Base; path = Base.lproj/Main.storyboard; sourceTree = "<group>"; };
		2E8E76812B3B0DC900956F99 /* Assets.xcassets */ = {isa = PBXFileReference; lastKnownFileType = folder.assetcatalog; path = Assets.xcassets; sourceTree = "<group>"; };
		2E8E76842B3B0DC900956F99 /* Base */ = {isa = PBXFileReference; lastKnownFileType = file.storyboard; name = Base; path = Base.lproj/LaunchScreen.storyboard; sourceTree = "<group>"; };
		2E8E76862B3B0DC900956F99 /* Info.plist */ = {isa = PBXFileReference; lastKnownFileType = text.plist.xml; path = Info.plist; sourceTree = "<group>"; };
		2E8E76922B3B109500956F99 /* ExploreViewController.swift */ = {isa = PBXFileReference; lastKnownFileType = sourcecode.swift; path = ExploreViewController.swift; sourceTree = "<group>"; };
		2E8E76942B3B114700956F99 /* CameraViewController.swift */ = {isa = PBXFileReference; lastKnownFileType = sourcecode.swift; path = CameraViewController.swift; sourceTree = "<group>"; };
		2E8E76962B3B115D00956F99 /* NotificationViewController.swift */ = {isa = PBXFileReference; lastKnownFileType = sourcecode.swift; path = NotificationViewController.swift; sourceTree = "<group>"; };
		2E8E76982B3B116400956F99 /* ProfileViewController.swift */ = {isa = PBXFileReference; lastKnownFileType = sourcecode.swift; path = ProfileViewController.swift; sourceTree = "<group>"; };
		2E8E769C2B3B12A200956F99 /* LoginViewController.swift */ = {isa = PBXFileReference; lastKnownFileType = sourcecode.swift; path = LoginViewController.swift; sourceTree = "<group>"; };
		2E8E769E2B3B12D400956F99 /* RegistrationViewController.swift */ = {isa = PBXFileReference; lastKnownFileType = sourcecode.swift; path = RegistrationViewController.swift; sourceTree = "<group>"; };
		2E8E76A12B3B12F400956F99 /* PostViewController.swift */ = {isa = PBXFileReference; lastKnownFileType = sourcecode.swift; path = PostViewController.swift; sourceTree = "<group>"; };
		2E8E76A32B3B131C00956F99 /* EditProfileViewController.swift */ = {isa = PBXFileReference; lastKnownFileType = sourcecode.swift; path = EditProfileViewController.swift; sourceTree = "<group>"; };
		2E8E76A52B3B133000956F99 /* SettingsViewController.swift */ = {isa = PBXFileReference; lastKnownFileType = sourcecode.swift; path = SettingsViewController.swift; sourceTree = "<group>"; };
		2E8E76A72B3B133D00956F99 /* ListViewController.swift */ = {isa = PBXFileReference; lastKnownFileType = sourcecode.swift; path = ListViewController.swift; sourceTree = "<group>"; };
		2E8E76A92B3B135100956F99 /* SearchViewController.swift */ = {isa = PBXFileReference; lastKnownFileType = sourcecode.swift; path = SearchViewController.swift; sourceTree = "<group>"; };
		2E8E76AB2B3B135A00956F99 /* SearchResultViewController.swift */ = {isa = PBXFileReference; lastKnownFileType = sourcecode.swift; path = SearchResultViewController.swift; sourceTree = "<group>"; };
		2E8E76AD2B3B138000956F99 /* PostEditorViewController.swift */ = {isa = PBXFileReference; lastKnownFileType = sourcecode.swift; path = PostEditorViewController.swift; sourceTree = "<group>"; };
		2E8E76AF2B3B138F00956F99 /* PublishPostViewController.swift */ = {isa = PBXFileReference; lastKnownFileType = sourcecode.swift; path = PublishPostViewController.swift; sourceTree = "<group>"; };
		2E8E76B12B3B248200956F99 /* GoogleService-Info.plist */ = {isa = PBXFileReference; fileEncoding = 4; lastKnownFileType = text.plist.xml; path = "GoogleService-Info.plist"; sourceTree = "<group>"; };
		2ECCDA1B2B9C086F006201D4 /* Models.swift */ = {isa = PBXFileReference; lastKnownFileType = sourcecode.swift; path = Models.swift; sourceTree = "<group>"; };
		2ECCDA1D2B9C0981006201D4 /* NoNotificationsView.swift */ = {isa = PBXFileReference; lastKnownFileType = sourcecode.swift; path = NoNotificationsView.swift; sourceTree = "<group>"; };
		2ECCDA212B9C09D0006201D4 /* IGFeedPostActionsTableViewCell.swift */ = {isa = PBXFileReference; lastKnownFileType = sourcecode.swift; path = IGFeedPostActionsTableViewCell.swift; sourceTree = "<group>"; };
		2ECCDA232B9C0A01006201D4 /* IGFeedPostGeneralTableViewCell.swift */ = {isa = PBXFileReference; lastKnownFileType = sourcecode.swift; path = IGFeedPostGeneralTableViewCell.swift; sourceTree = "<group>"; };
		2ECCDA252B9C0A22006201D4 /* IGFeedPostHeaderTableViewCell.swift */ = {isa = PBXFileReference; lastKnownFileType = sourcecode.swift; path = IGFeedPostHeaderTableViewCell.swift; sourceTree = "<group>"; };
		2ECCDA272B9C0A3C006201D4 /* IGFeedPostTableViewCell.swift */ = {isa = PBXFileReference; lastKnownFileType = sourcecode.swift; path = IGFeedPostTableViewCell.swift; sourceTree = "<group>"; };
		2ECCDA2A2B9C0A6E006201D4 /* FormTableViewCell.swift */ = {isa = PBXFileReference; lastKnownFileType = sourcecode.swift; path = FormTableViewCell.swift; sourceTree = "<group>"; };
		2ECCDA2C2B9C0A9D006201D4 /* PhotoCollectionViewCell.swift */ = {isa = PBXFileReference; lastKnownFileType = sourcecode.swift; path = PhotoCollectionViewCell.swift; sourceTree = "<group>"; };
		2ECCDA2E2B9C0ACB006201D4 /* UserFollowTableViewCell.swift */ = {isa = PBXFileReference; lastKnownFileType = sourcecode.swift; path = UserFollowTableViewCell.swift; sourceTree = "<group>"; };
		2ECCDA322B9C0B33006201D4 /* FormTableViewCell.swift */ = {isa = PBXFileReference; lastKnownFileType = sourcecode.swift; path = FormTableViewCell.swift; sourceTree = "<group>"; };
		2ECCDA342B9C0B4F006201D4 /* PhotoCollectionViewCell.swift */ = {isa = PBXFileReference; lastKnownFileType = sourcecode.swift; path = PhotoCollectionViewCell.swift; sourceTree = "<group>"; };
		2ECCDA362B9C0B7A006201D4 /* UserFollowTableViewCell.swift */ = {isa = PBXFileReference; lastKnownFileType = sourcecode.swift; path = UserFollowTableViewCell.swift; sourceTree = "<group>"; };
		2ECCDA392B9C0BBB006201D4 /* ProfileInfoHeaderCollectionReusableView.swift */ = {isa = PBXFileReference; lastKnownFileType = sourcecode.swift; path = ProfileInfoHeaderCollectionReusableView.swift; sourceTree = "<group>"; };
		2ECCDA3B2B9C0BD8006201D4 /* ProfileTabsCollectionReusableView.swift */ = {isa = PBXFileReference; lastKnownFileType = sourcecode.swift; path = ProfileTabsCollectionReusableView.swift; sourceTree = "<group>"; };
		4005C1E8803FA09DD7F73709 /* Pods_Instagram_Clone.framework */ = {isa = PBXFileReference; explicitFileType = wrapper.framework; includeInIndex = 0; path = Pods_Instagram_Clone.framework; sourceTree = BUILT_PRODUCTS_DIR; };
		98ED05D9640049D84797EBE8 /* Pods-Instagram_Clone.release.xcconfig */ = {isa = PBXFileReference; includeInIndex = 1; lastKnownFileType = text.xcconfig; name = "Pods-Instagram_Clone.release.xcconfig"; path = "Target Support Files/Pods-Instagram_Clone/Pods-Instagram_Clone.release.xcconfig"; sourceTree = "<group>"; };
		C9D19E0BBA5714711892C8B7 /* Pods-Instagram_Clone.debug.xcconfig */ = {isa = PBXFileReference; includeInIndex = 1; lastKnownFileType = text.xcconfig; name = "Pods-Instagram_Clone.debug.xcconfig"; path = "Target Support Files/Pods-Instagram_Clone/Pods-Instagram_Clone.debug.xcconfig"; sourceTree = "<group>"; };
/* End PBXFileReference section */

/* Begin PBXFrameworksBuildPhase section */
		2E8E76722B3B0DC700956F99 /* Frameworks */ = {
			isa = PBXFrameworksBuildPhase;
			buildActionMask = 2147483647;
			files = (
				209C012301522536AF76F04C /* Pods_Instagram_Clone.framework in Frameworks */,
			);
			runOnlyForDeploymentPostprocessing = 0;
		};
/* End PBXFrameworksBuildPhase section */

/* Begin PBXGroup section */
		22C6B22C5A7275168843B4A3 /* Frameworks */ = {
			isa = PBXGroup;
			children = (
				4005C1E8803FA09DD7F73709 /* Pods_Instagram_Clone.framework */,
			);
			name = Frameworks;
			sourceTree = "<group>";
		};
		2E4A4F622B4A45DD006EEC5C /* General */ = {
			isa = PBXGroup;
			children = (
				2E8E76A12B3B12F400956F99 /* PostViewController.swift */,
				2E8E76A72B3B133D00956F99 /* ListViewController.swift */,
				2E8E76A32B3B131C00956F99 /* EditProfileViewController.swift */,
				2E8E76A52B3B133000956F99 /* SettingsViewController.swift */,
				2E8E76A92B3B135100956F99 /* SearchViewController.swift */,
				2E8E76AB2B3B135A00956F99 /* SearchResultViewController.swift */,
				2E8E76AD2B3B138000956F99 /* PostEditorViewController.swift */,
				2E8E76AF2B3B138F00956F99 /* PublishPostViewController.swift */,
			);
			name = General;
			sourceTree = "<group>";
		};
		2E8E766C2B3B0DC600956F99 = {
			isa = PBXGroup;
			children = (
				2E8E76772B3B0DC700956F99 /* Instagram_Clone */,
				2E8E76762B3B0DC700956F99 /* Products */,
				95C855E987919F2B0AB7102E /* Pods */,
				22C6B22C5A7275168843B4A3 /* Frameworks */,
			);
			sourceTree = "<group>";
		};
		2E8E76762B3B0DC700956F99 /* Products */ = {
			isa = PBXGroup;
			children = (
				2E8E76752B3B0DC700956F99 /* Instagram_Clone.app */,
			);
			name = Products;
			sourceTree = "<group>";
		};
		2E8E76772B3B0DC700956F99 /* Instagram_Clone */ = {
			isa = PBXGroup;
			children = (
				2E8E76902B3B0EBA00956F99 /* Models */,
				2E8E768F2B3B0EB000956F99 /* Views */,
				2E8E768E2B3B0EA800956F99 /* Resources */,
				2E8E768D2B3B0E9300956F99 /* Controllers */,
				2E8E76862B3B0DC900956F99 /* Info.plist */,
			);
			path = Instagram_Clone;
			sourceTree = "<group>";
		};
		2E8E768D2B3B0E9300956F99 /* Controllers */ = {
			isa = PBXGroup;
			children = (
				2E8E769B2B3B122300956F99 /* Other */,
				2E8E769A2B3B117C00956F99 /* Core Tabs */,
			);
			path = Controllers;
			sourceTree = "<group>";
		};
		2E8E768E2B3B0EA800956F99 /* Resources */ = {
			isa = PBXGroup;
			children = (
				2E8E76782B3B0DC700956F99 /* AppDelegate.swift */,
				2E8E767A2B3B0DC700956F99 /* SceneDelegate.swift */,
				2E8E76B12B3B248200956F99 /* GoogleService-Info.plist */,
				2E4A4F632B4A46DA006EEC5C /* DatabaseManager.swift */,
				2E4A4F652B4A47CA006EEC5C /* AuthManager.swift */,
				2E4A4F672B4A4837006EEC5C /* StoreManager.swift */,
				2E4A4F692B4A511F006EEC5C /* Extentions.swift */,
			);
			path = Resources;
			sourceTree = "<group>";
		};
		2E8E768F2B3B0EB000956F99 /* Views */ = {
			isa = PBXGroup;
			children = (
				2ECCDA382B9C0BA6006201D4 /* CollectionView Headers */,
				2ECCDA1F2B9C09A2006201D4 /* Cells */,
				2E8E76912B3B101800956F99 /* Storyboards */,
				2E8E76812B3B0DC900956F99 /* Assets.xcassets */,
				2ECCDA1D2B9C0981006201D4 /* NoNotificationsView.swift */,
			);
			path = Views;
			sourceTree = "<group>";
		};
		2E8E76902B3B0EBA00956F99 /* Models */ = {
			isa = PBXGroup;
			children = (
				2ECCDA1B2B9C086F006201D4 /* Models.swift */,
			);
			path = Models;
			sourceTree = "<group>";
		};
		2E8E76912B3B101800956F99 /* Storyboards */ = {
			isa = PBXGroup;
			children = (
				2E8E76832B3B0DC900956F99 /* LaunchScreen.storyboard */,
				2E8E767E2B3B0DC700956F99 /* Main.storyboard */,
			);
			path = Storyboards;
			sourceTree = "<group>";
		};
		2E8E769A2B3B117C00956F99 /* Core Tabs */ = {
			isa = PBXGroup;
			children = (
				2E8E767C2B3B0DC700956F99 /* HomeViewController.swift */,
				2E8E76922B3B109500956F99 /* ExploreViewController.swift */,
				2E8E76942B3B114700956F99 /* CameraViewController.swift */,
				2E8E76962B3B115D00956F99 /* NotificationViewController.swift */,
				2E8E76982B3B116400956F99 /* ProfileViewController.swift */,
			);
			path = "Core Tabs";
			sourceTree = "<group>";
		};
		2E8E769B2B3B122300956F99 /* Other */ = {
			isa = PBXGroup;
			children = (
				2E8E76A02B3B12D900956F99 /* Onboarding */,
				2E4A4F622B4A45DD006EEC5C /* General */,
			);
			path = Other;
			sourceTree = "<group>";
		};
		2E8E76A02B3B12D900956F99 /* Onboarding */ = {
			isa = PBXGroup;
			children = (
				2E8E769C2B3B12A200956F99 /* LoginViewController.swift */,
				2E8E769E2B3B12D400956F99 /* RegistrationViewController.swift */,
			);
			path = Onboarding;
			sourceTree = "<group>";
		};
		2ECCDA1F2B9C09A2006201D4 /* Cells */ = {
			isa = PBXGroup;
			children = (
				2ECCDA292B9C0A51006201D4 /* Notifications */,
				2ECCDA202B9C09AA006201D4 /* Home Feed & Post */,
				2ECCDA322B9C0B33006201D4 /* FormTableViewCell.swift */,
				2ECCDA342B9C0B4F006201D4 /* PhotoCollectionViewCell.swift */,
				2ECCDA362B9C0B7A006201D4 /* UserFollowTableViewCell.swift */,
			);
			path = Cells;
			sourceTree = "<group>";
		};
		2ECCDA202B9C09AA006201D4 /* Home Feed & Post */ = {
			isa = PBXGroup;
			children = (
				2ECCDA212B9C09D0006201D4 /* IGFeedPostActionsTableViewCell.swift */,
				2ECCDA232B9C0A01006201D4 /* IGFeedPostGeneralTableViewCell.swift */,
				2ECCDA252B9C0A22006201D4 /* IGFeedPostHeaderTableViewCell.swift */,
				2ECCDA272B9C0A3C006201D4 /* IGFeedPostTableViewCell.swift */,
			);
			path = "Home Feed & Post";
			sourceTree = "<group>";
		};
		2ECCDA292B9C0A51006201D4 /* Notifications */ = {
			isa = PBXGroup;
			children = (
				2ECCDA2A2B9C0A6E006201D4 /* FormTableViewCell.swift */,
				2ECCDA2C2B9C0A9D006201D4 /* PhotoCollectionViewCell.swift */,
				2ECCDA2E2B9C0ACB006201D4 /* UserFollowTableViewCell.swift */,
			);
			path = Notifications;
			sourceTree = "<group>";
		};
		2ECCDA382B9C0BA6006201D4 /* CollectionView Headers */ = {
			isa = PBXGroup;
			children = (
				2ECCDA392B9C0BBB006201D4 /* ProfileInfoHeaderCollectionReusableView.swift */,
				2ECCDA3B2B9C0BD8006201D4 /* ProfileTabsCollectionReusableView.swift */,
			);
			path = "CollectionView Headers";
			sourceTree = "<group>";
		};
		95C855E987919F2B0AB7102E /* Pods */ = {
			isa = PBXGroup;
			children = (
				C9D19E0BBA5714711892C8B7 /* Pods-Instagram_Clone.debug.xcconfig */,
				98ED05D9640049D84797EBE8 /* Pods-Instagram_Clone.release.xcconfig */,
			);
			path = Pods;
			sourceTree = "<group>";
		};
/* End PBXGroup section */

/* Begin PBXNativeTarget section */
		2E8E76742B3B0DC700956F99 /* Instagram_Clone */ = {
			isa = PBXNativeTarget;
			buildConfigurationList = 2E8E76892B3B0DC900956F99 /* Build configuration list for PBXNativeTarget "Instagram_Clone" */;
			buildPhases = (
				5A2E5E15CB8824D240E14E26 /* [CP] Check Pods Manifest.lock */,
				2E8E76712B3B0DC700956F99 /* Sources */,
				2E8E76722B3B0DC700956F99 /* Frameworks */,
				2E8E76732B3B0DC700956F99 /* Resources */,
				74786F4CA829B48A0656BB7E /* [CP] Embed Pods Frameworks */,
			);
			buildRules = (
			);
			dependencies = (
			);
			name = Instagram_Clone;
			productName = Instagram_Clone;
			productReference = 2E8E76752B3B0DC700956F99 /* Instagram_Clone.app */;
			productType = "com.apple.product-type.application";
		};
/* End PBXNativeTarget section */

/* Begin PBXProject section */
		2E8E766D2B3B0DC600956F99 /* Project object */ = {
			isa = PBXProject;
			attributes = {
				BuildIndependentTargetsInParallel = 1;
				LastSwiftUpdateCheck = 1510;
				LastUpgradeCheck = 1510;
				TargetAttributes = {
					2E8E76742B3B0DC700956F99 = {
						CreatedOnToolsVersion = 15.1;
					};
				};
			};
			buildConfigurationList = 2E8E76702B3B0DC600956F99 /* Build configuration list for PBXProject "Instagram_Clone" */;
			compatibilityVersion = "Xcode 15.0";
			developmentRegion = en;
			hasScannedForEncodings = 0;
			knownRegions = (
				en,
				Base,
			);
			mainGroup = 2E8E766C2B3B0DC600956F99;
			productRefGroup = 2E8E76762B3B0DC700956F99 /* Products */;
			projectDirPath = "";
			projectRoot = "";
			targets = (
				2E8E76742B3B0DC700956F99 /* Instagram_Clone */,
			);
		};
/* End PBXProject section */

/* Begin PBXResourcesBuildPhase section */
		2E8E76732B3B0DC700956F99 /* Resources */ = {
			isa = PBXResourcesBuildPhase;
			buildActionMask = 2147483647;
			files = (
				2E8E76852B3B0DC900956F99 /* LaunchScreen.storyboard in Resources */,
				2E8E76B22B3B248200956F99 /* GoogleService-Info.plist in Resources */,
				2E8E76822B3B0DC900956F99 /* Assets.xcassets in Resources */,
				2E8E76802B3B0DC700956F99 /* Main.storyboard in Resources */,
			);
			runOnlyForDeploymentPostprocessing = 0;
		};
/* End PBXResourcesBuildPhase section */

/* Begin PBXShellScriptBuildPhase section */
		5A2E5E15CB8824D240E14E26 /* [CP] Check Pods Manifest.lock */ = {
			isa = PBXShellScriptBuildPhase;
			buildActionMask = 2147483647;
			files = (
			);
			inputFileListPaths = (
			);
			inputPaths = (
				"${PODS_PODFILE_DIR_PATH}/Podfile.lock",
				"${PODS_ROOT}/Manifest.lock",
			);
			name = "[CP] Check Pods Manifest.lock";
			outputFileListPaths = (
			);
			outputPaths = (
				"$(DERIVED_FILE_DIR)/Pods-Instagram_Clone-checkManifestLockResult.txt",
			);
			runOnlyForDeploymentPostprocessing = 0;
			shellPath = /bin/sh;
			shellScript = "diff \"${PODS_PODFILE_DIR_PATH}/Podfile.lock\" \"${PODS_ROOT}/Manifest.lock\" > /dev/null\nif [ $? != 0 ] ; then\n    # print error to STDERR\n    echo \"error: The sandbox is not in sync with the Podfile.lock. Run 'pod install' or update your CocoaPods installation.\" >&2\n    exit 1\nfi\n# This output is used by Xcode 'outputs' to avoid re-running this script phase.\necho \"SUCCESS\" > \"${SCRIPT_OUTPUT_FILE_0}\"\n";
			showEnvVarsInLog = 0;
		};
		74786F4CA829B48A0656BB7E /* [CP] Embed Pods Frameworks */ = {
			isa = PBXShellScriptBuildPhase;
			buildActionMask = 2147483647;
			files = (
			);
			inputFileListPaths = (
				"${PODS_ROOT}/Target Support Files/Pods-Instagram_Clone/Pods-Instagram_Clone-frameworks-${CONFIGURATION}-input-files.xcfilelist",
			);
			name = "[CP] Embed Pods Frameworks";
			outputFileListPaths = (
				"${PODS_ROOT}/Target Support Files/Pods-Instagram_Clone/Pods-Instagram_Clone-frameworks-${CONFIGURATION}-output-files.xcfilelist",
			);
			runOnlyForDeploymentPostprocessing = 0;
			shellPath = /bin/sh;
			shellScript = "\"${PODS_ROOT}/Target Support Files/Pods-Instagram_Clone/Pods-Instagram_Clone-frameworks.sh\"\n";
			showEnvVarsInLog = 0;
		};
/* End PBXShellScriptBuildPhase section */

/* Begin PBXSourcesBuildPhase section */
		2E8E76712B3B0DC700956F99 /* Sources */ = {
			isa = PBXSourcesBuildPhase;
			buildActionMask = 2147483647;
			files = (
				2E8E76A42B3B131C00956F99 /* EditProfileViewController.swift in Sources */,
				2E8E76932B3B109500956F99 /* ExploreViewController.swift in Sources */,
				2E8E76B02B3B138F00956F99 /* PublishPostViewController.swift in Sources */,
				2E8E76952B3B114700956F99 /* CameraViewController.swift in Sources */,
				2ECCDA3C2B9C0BD8006201D4 /* ProfileTabsCollectionReusableView.swift in Sources */,
				2ECCDA3A2B9C0BBB006201D4 /* ProfileInfoHeaderCollectionReusableView.swift in Sources */,
				2E8E76972B3B115D00956F99 /* NotificationViewController.swift in Sources */,
				2E8E769F2B3B12D400956F99 /* RegistrationViewController.swift in Sources */,
				2E8E76AE2B3B138000956F99 /* PostEditorViewController.swift in Sources */,
				2E8E76A22B3B12F400956F99 /* PostViewController.swift in Sources */,
				2ECCDA1E2B9C0981006201D4 /* NoNotificationsView.swift in Sources */,
				2ECCDA352B9C0B4F006201D4 /* PhotoCollectionViewCell.swift in Sources */,
				2E4A4F642B4A46DB006EEC5C /* DatabaseManager.swift in Sources */,
				2ECCDA262B9C0A22006201D4 /* IGFeedPostHeaderTableViewCell.swift in Sources */,
				2E8E767D2B3B0DC700956F99 /* HomeViewController.swift in Sources */,
				2ECCDA282B9C0A3C006201D4 /* IGFeedPostTableViewCell.swift in Sources */,
				2ECCDA2B2B9C0A6E006201D4 /* FormTableViewCell.swift in Sources */,
				2ECCDA332B9C0B33006201D4 /* FormTableViewCell.swift in Sources */,
				2E8E76AC2B3B135A00956F99 /* SearchResultViewController.swift in Sources */,
				2ECCDA2F2B9C0ACB006201D4 /* UserFollowTableViewCell.swift in Sources */,
				2ECCDA372B9C0B7A006201D4 /* UserFollowTableViewCell.swift in Sources */,
				2ECCDA1C2B9C086F006201D4 /* Models.swift in Sources */,
				2E8E769D2B3B12A200956F99 /* LoginViewController.swift in Sources */,
				2E8E76AA2B3B135100956F99 /* SearchViewController.swift in Sources */,
				2ECCDA2D2B9C0A9D006201D4 /* PhotoCollectionViewCell.swift in Sources */,
				2E8E76992B3B116400956F99 /* ProfileViewController.swift in Sources */,
				2ECCDA242B9C0A01006201D4 /* IGFeedPostGeneralTableViewCell.swift in Sources */,
				2E4A4F662B4A47CA006EEC5C /* AuthManager.swift in Sources */,
				2E8E76792B3B0DC700956F99 /* AppDelegate.swift in Sources */,
				2E8E767B2B3B0DC700956F99 /* SceneDelegate.swift in Sources */,
				2E4A4F682B4A4837006EEC5C /* StoreManager.swift in Sources */,
				2E8E76A82B3B133D00956F99 /* ListViewController.swift in Sources */,
				2ECCDA222B9C09D0006201D4 /* IGFeedPostActionsTableViewCell.swift in Sources */,
				2E8E76A62B3B133000956F99 /* SettingsViewController.swift in Sources */,
				2E4A4F6A2B4A511F006EEC5C /* Extentions.swift in Sources */,
			);
			runOnlyForDeploymentPostprocessing = 0;
		};
/* End PBXSourcesBuildPhase section */

/* Begin PBXVariantGroup section */
		2E8E767E2B3B0DC700956F99 /* Main.storyboard */ = {
			isa = PBXVariantGroup;
			children = (
				2E8E767F2B3B0DC700956F99 /* Base */,
			);
			name = Main.storyboard;
			sourceTree = "<group>";
		};
		2E8E76832B3B0DC900956F99 /* LaunchScreen.storyboard */ = {
			isa = PBXVariantGroup;
			children = (
				2E8E76842B3B0DC900956F99 /* Base */,
			);
			name = LaunchScreen.storyboard;
			sourceTree = "<group>";
		};
/* End PBXVariantGroup section */

/* Begin XCBuildConfiguration section */
		2E8E76872B3B0DC900956F99 /* Debug */ = {
			isa = XCBuildConfiguration;
			buildSettings = {
				ALWAYS_SEARCH_USER_PATHS = NO;
				ASSETCATALOG_COMPILER_GENERATE_SWIFT_ASSET_SYMBOL_EXTENSIONS = YES;
				CLANG_ANALYZER_NONNULL = YES;
				CLANG_ANALYZER_NUMBER_OBJECT_CONVERSION = YES_AGGRESSIVE;
				CLANG_CXX_LANGUAGE_STANDARD = "gnu++20";
				CLANG_ENABLE_MODULES = YES;
				CLANG_ENABLE_OBJC_ARC = YES;
				CLANG_ENABLE_OBJC_WEAK = YES;
				CLANG_WARN_BLOCK_CAPTURE_AUTORELEASING = YES;
				CLANG_WARN_BOOL_CONVERSION = YES;
				CLANG_WARN_COMMA = YES;
				CLANG_WARN_CONSTANT_CONVERSION = YES;
				CLANG_WARN_DEPRECATED_OBJC_IMPLEMENTATIONS = YES;
				CLANG_WARN_DIRECT_OBJC_ISA_USAGE = YES_ERROR;
				CLANG_WARN_DOCUMENTATION_COMMENTS = YES;
				CLANG_WARN_EMPTY_BODY = YES;
				CLANG_WARN_ENUM_CONVERSION = YES;
				CLANG_WARN_INFINITE_RECURSION = YES;
				CLANG_WARN_INT_CONVERSION = YES;
				CLANG_WARN_NON_LITERAL_NULL_CONVERSION = YES;
				CLANG_WARN_OBJC_IMPLICIT_RETAIN_SELF = YES;
				CLANG_WARN_OBJC_LITERAL_CONVERSION = YES;
				CLANG_WARN_OBJC_ROOT_CLASS = YES_ERROR;
				CLANG_WARN_QUOTED_INCLUDE_IN_FRAMEWORK_HEADER = YES;
				CLANG_WARN_RANGE_LOOP_ANALYSIS = YES;
				CLANG_WARN_STRICT_PROTOTYPES = YES;
				CLANG_WARN_SUSPICIOUS_MOVE = YES;
				CLANG_WARN_UNGUARDED_AVAILABILITY = YES_AGGRESSIVE;
				CLANG_WARN_UNREACHABLE_CODE = YES;
				CLANG_WARN__DUPLICATE_METHOD_MATCH = YES;
				COPY_PHASE_STRIP = NO;
				DEBUG_INFORMATION_FORMAT = dwarf;
				ENABLE_STRICT_OBJC_MSGSEND = YES;
				ENABLE_TESTABILITY = YES;
				ENABLE_USER_SCRIPT_SANDBOXING = NO;
				GCC_C_LANGUAGE_STANDARD = gnu17;
				GCC_DYNAMIC_NO_PIC = NO;
				GCC_NO_COMMON_BLOCKS = YES;
				GCC_OPTIMIZATION_LEVEL = 0;
				GCC_PREPROCESSOR_DEFINITIONS = (
					"DEBUG=1",
					"$(inherited)",
				);
				GCC_WARN_64_TO_32_BIT_CONVERSION = YES;
				GCC_WARN_ABOUT_RETURN_TYPE = YES_ERROR;
				GCC_WARN_UNDECLARED_SELECTOR = YES;
				GCC_WARN_UNINITIALIZED_AUTOS = YES_AGGRESSIVE;
				GCC_WARN_UNUSED_FUNCTION = YES;
				GCC_WARN_UNUSED_VARIABLE = YES;
				IPHONEOS_DEPLOYMENT_TARGET = 17.2;
				LOCALIZATION_PREFERS_STRING_CATALOGS = YES;
				MTL_ENABLE_DEBUG_INFO = INCLUDE_SOURCE;
				MTL_FAST_MATH = YES;
				ONLY_ACTIVE_ARCH = YES;
				SDKROOT = iphoneos;
				SWIFT_ACTIVE_COMPILATION_CONDITIONS = "DEBUG $(inherited)";
				SWIFT_OPTIMIZATION_LEVEL = "-Onone";
			};
			name = Debug;
		};
		2E8E76882B3B0DC900956F99 /* Release */ = {
			isa = XCBuildConfiguration;
			buildSettings = {
				ALWAYS_SEARCH_USER_PATHS = NO;
				ASSETCATALOG_COMPILER_GENERATE_SWIFT_ASSET_SYMBOL_EXTENSIONS = YES;
				CLANG_ANALYZER_NONNULL = YES;
				CLANG_ANALYZER_NUMBER_OBJECT_CONVERSION = YES_AGGRESSIVE;
				CLANG_CXX_LANGUAGE_STANDARD = "gnu++20";
				CLANG_ENABLE_MODULES = YES;
				CLANG_ENABLE_OBJC_ARC = YES;
				CLANG_ENABLE_OBJC_WEAK = YES;
				CLANG_WARN_BLOCK_CAPTURE_AUTORELEASING = YES;
				CLANG_WARN_BOOL_CONVERSION = YES;
				CLANG_WARN_COMMA = YES;
				CLANG_WARN_CONSTANT_CONVERSION = YES;
				CLANG_WARN_DEPRECATED_OBJC_IMPLEMENTATIONS = YES;
				CLANG_WARN_DIRECT_OBJC_ISA_USAGE = YES_ERROR;
				CLANG_WARN_DOCUMENTATION_COMMENTS = YES;
				CLANG_WARN_EMPTY_BODY = YES;
				CLANG_WARN_ENUM_CONVERSION = YES;
				CLANG_WARN_INFINITE_RECURSION = YES;
				CLANG_WARN_INT_CONVERSION = YES;
				CLANG_WARN_NON_LITERAL_NULL_CONVERSION = YES;
				CLANG_WARN_OBJC_IMPLICIT_RETAIN_SELF = YES;
				CLANG_WARN_OBJC_LITERAL_CONVERSION = YES;
				CLANG_WARN_OBJC_ROOT_CLASS = YES_ERROR;
				CLANG_WARN_QUOTED_INCLUDE_IN_FRAMEWORK_HEADER = YES;
				CLANG_WARN_RANGE_LOOP_ANALYSIS = YES;
				CLANG_WARN_STRICT_PROTOTYPES = YES;
				CLANG_WARN_SUSPICIOUS_MOVE = YES;
				CLANG_WARN_UNGUARDED_AVAILABILITY = YES_AGGRESSIVE;
				CLANG_WARN_UNREACHABLE_CODE = YES;
				CLANG_WARN__DUPLICATE_METHOD_MATCH = YES;
				COPY_PHASE_STRIP = NO;
				DEBUG_INFORMATION_FORMAT = "dwarf-with-dsym";
				ENABLE_NS_ASSERTIONS = NO;
				ENABLE_STRICT_OBJC_MSGSEND = YES;
				ENABLE_USER_SCRIPT_SANDBOXING = NO;
				GCC_C_LANGUAGE_STANDARD = gnu17;
				GCC_NO_COMMON_BLOCKS = YES;
				GCC_WARN_64_TO_32_BIT_CONVERSION = YES;
				GCC_WARN_ABOUT_RETURN_TYPE = YES_ERROR;
				GCC_WARN_UNDECLARED_SELECTOR = YES;
				GCC_WARN_UNINITIALIZED_AUTOS = YES_AGGRESSIVE;
				GCC_WARN_UNUSED_FUNCTION = YES;
				GCC_WARN_UNUSED_VARIABLE = YES;
				IPHONEOS_DEPLOYMENT_TARGET = 17.2;
				LOCALIZATION_PREFERS_STRING_CATALOGS = YES;
				MTL_ENABLE_DEBUG_INFO = NO;
				MTL_FAST_MATH = YES;
				SDKROOT = iphoneos;
				SWIFT_COMPILATION_MODE = wholemodule;
				VALIDATE_PRODUCT = YES;
			};
			name = Release;
		};
		2E8E768A2B3B0DC900956F99 /* Debug */ = {
			isa = XCBuildConfiguration;
			baseConfigurationReference = C9D19E0BBA5714711892C8B7 /* Pods-Instagram_Clone.debug.xcconfig */;
			buildSettings = {
				ASSETCATALOG_COMPILER_APPICON_NAME = AppIcon;
				ASSETCATALOG_COMPILER_GLOBAL_ACCENT_COLOR_NAME = AccentColor;
				CODE_SIGN_STYLE = Automatic;
				CURRENT_PROJECT_VERSION = 1;
				GENERATE_INFOPLIST_FILE = YES;
				INFOPLIST_FILE = Instagram_Clone/Info.plist;
				INFOPLIST_KEY_UIApplicationSupportsIndirectInputEvents = YES;
				INFOPLIST_KEY_UILaunchStoryboardName = LaunchScreen;
				INFOPLIST_KEY_UIMainStoryboardFile = Main;
				INFOPLIST_KEY_UISupportedInterfaceOrientations = UIInterfaceOrientationPortrait;
				IPHONEOS_DEPLOYMENT_TARGET = 13.0;
				LD_RUNPATH_SEARCH_PATHS = (
					"$(inherited)",
					"@executable_path/Frameworks",
				);
				MARKETING_VERSION = 1.0;
				PRODUCT_BUNDLE_IDENTIFIER = "co.chandrala.Instagram-Clone";
				PRODUCT_NAME = "$(TARGET_NAME)";
				SWIFT_EMIT_LOC_STRINGS = YES;
				SWIFT_VERSION = 5.0;
				TARGETED_DEVICE_FAMILY = "1,2";
			};
			name = Debug;
		};
		2E8E768B2B3B0DC900956F99 /* Release */ = {
			isa = XCBuildConfiguration;
			baseConfigurationReference = 98ED05D9640049D84797EBE8 /* Pods-Instagram_Clone.release.xcconfig */;
			buildSettings = {
				ASSETCATALOG_COMPILER_APPICON_NAME = AppIcon;
				ASSETCATALOG_COMPILER_GLOBAL_ACCENT_COLOR_NAME = AccentColor;
				CODE_SIGN_STYLE = Automatic;
				CURRENT_PROJECT_VERSION = 1;
				GENERATE_INFOPLIST_FILE = YES;
				INFOPLIST_FILE = Instagram_Clone/Info.plist;
				INFOPLIST_KEY_UIApplicationSupportsIndirectInputEvents = YES;
				INFOPLIST_KEY_UILaunchStoryboardName = LaunchScreen;
				INFOPLIST_KEY_UIMainStoryboardFile = Main;
				INFOPLIST_KEY_UISupportedInterfaceOrientations = UIInterfaceOrientationPortrait;
				IPHONEOS_DEPLOYMENT_TARGET = 13.0;
				LD_RUNPATH_SEARCH_PATHS = (
					"$(inherited)",
					"@executable_path/Frameworks",
				);
				MARKETING_VERSION = 1.0;
				PRODUCT_BUNDLE_IDENTIFIER = "co.chandrala.Instagram-Clone";
				PRODUCT_NAME = "$(TARGET_NAME)";
				SWIFT_EMIT_LOC_STRINGS = YES;
				SWIFT_VERSION = 5.0;
				TARGETED_DEVICE_FAMILY = "1,2";
			};
			name = Release;
		};
/* End XCBuildConfiguration section */

/* Begin XCConfigurationList section */
		2E8E76702B3B0DC600956F99 /* Build configuration list for PBXProject "Instagram_Clone" */ = {
			isa = XCConfigurationList;
			buildConfigurations = (
				2E8E76872B3B0DC900956F99 /* Debug */,
				2E8E76882B3B0DC900956F99 /* Release */,
			);
			defaultConfigurationIsVisible = 0;
			defaultConfigurationName = Release;
		};
		2E8E76892B3B0DC900956F99 /* Build configuration list for PBXNativeTarget "Instagram_Clone" */ = {
			isa = XCConfigurationList;
			buildConfigurations = (
				2E8E768A2B3B0DC900956F99 /* Debug */,
				2E8E768B2B3B0DC900956F99 /* Release */,
			);
			defaultConfigurationIsVisible = 0;
			defaultConfigurationName = Release;
		};
/* End XCConfigurationList section */
	};
	rootObject = 2E8E766D2B3B0DC600956F99 /* Project object */;
}
